
Microsoft Visual Studio Solution File, Format Version 12.00
# Visual Studio Version 17
VisualStudioVersion = 17.5.33516.290
MinimumVisualStudioVersion = 10.0.40219.1
Project("{FAE04EC0-301F-11D3-BF4B-00C04F79EFBC}") = "ONYX Launcher", "ONYX Launcher\ONYX Launcher.csproj", "{15E394EB-9480-4223-B7B8-A50B37FF3FE5}"
EndProject
Global
	GlobalSection(SolutionConfigurationPlatforms) = preSolution
		Debug|Any CPU = Debug|Any CPU
		Release|Any CPU = Release|Any CPU
	EndGlobalSection
	GlobalSection(ProjectConfigurationPlatforms) = postSolution
		{15E394EB-9480-4223-B7B8-A50B37FF3FE5}.Debug|Any CPU.ActiveCfg = Debug|Any CPU
		{15E394EB-9480-4223-B7B8-A50B37FF3FE5}.Debug|Any CPU.Build.0 = Debug|Any CPU
		{15E394EB-9480-4223-B7B8-A50B37FF3FE5}.Release|Any CPU.ActiveCfg = Release|Any CPU
		{15E394EB-9480-4223-B7B8-A50B37FF3FE5}.Release|Any CPU.Build.0 = Release|Any CPU
	EndGlobalSection
	GlobalSection(SolutionProperties) = preSolution
		HideSolutionNode = FALSE
	EndGlobalSection
	GlobalSection(ExtensibilityGlobals) = postSolution
		SolutionGuid = {1DAC370D-FA24-4696-9649-9AB6177A7B72}
	EndGlobalSection
EndGlobal
